
Microsoft Visual Studio Solution File, Format Version 12.00
# Visual Studio Version 17
VisualStudioVersion = 17.4.33205.214
MinimumVisualStudioVersion = 10.0.40219.1
Project("{9A19103F-16F7-4668-BE54-9A1E7A4F7556}") = "wedding-test", "NewT2\wedding-test.csproj", "{FF730F9F-7983-4B30-A185-188A9CE0856A}"
EndProject
Global
	GlobalSection(SolutionConfigurationPlatforms) = preSolution
		Debug|Any CPU = Debug|Any CPU
		Release|Any CPU = Release|Any CPU
	EndGlobalSection
	GlobalSection(ProjectConfigurationPlatforms) = postSolution
		{FF730F9F-7983-4B30-A185-188A9CE0856A}.Debug|Any CPU.ActiveCfg = Debug|Any CPU
		{FF730F9F-7983-4B30-A185-188A9CE0856A}.Debug|Any CPU.Build.0 = Debug|Any CPU
		{FF730F9F-7983-4B30-A185-188A9CE0856A}.Release|Any CPU.ActiveCfg = Release|Any CPU
		{FF730F9F-7983-4B30-A185-188A9CE0856A}.Release|Any CPU.Build.0 = Release|Any CPU
	EndGlobalSection
	GlobalSection(SolutionProperties) = preSolution
		HideSolutionNode = FALSE
	EndGlobalSection
	GlobalSection(ExtensibilityGlobals) = postSolution
		SolutionGuid = {F5BDB72C-2CBF-43AD-A0E0-C0676BBDD517}
	EndGlobalSection
EndGlobal
